
Microsoft Visual Studio Solution File, Format Version 12.00
# Visual Studio Version 16
VisualStudioVersion = 16.0.30803.129
MinimumVisualStudioVersion = 10.0.40219.1
Project("{FAE04EC0-301F-11D3-BF4B-00C04F79EFBC}") = "demofunc", "demofunc\demofunc.csproj", "{05982C9A-B8D0-4125-B968-62C8410EEDB5}"
EndProject
Global
	GlobalSection(SolutionConfigurationPlatforms) = preSolution
		Debug|Any CPU = Debug|Any CPU
		Release|Any CPU = Release|Any CPU
	EndGlobalSection
	GlobalSection(ProjectConfigurationPlatforms) = postSolution
		{05982C9A-B8D0-4125-B968-62C8410EEDB5}.Debug|Any CPU.ActiveCfg = Debug|Any CPU
		{05982C9A-B8D0-4125-B968-62C8410EEDB5}.Debug|Any CPU.Build.0 = Debug|Any CPU
		{05982C9A-B8D0-4125-B968-62C8410EEDB5}.Release|Any CPU.ActiveCfg = Release|Any CPU
		{05982C9A-B8D0-4125-B968-62C8410EEDB5}.Release|Any CPU.Build.0 = Release|Any CPU
	EndGlobalSection
	GlobalSection(SolutionProperties) = preSolution
		HideSolutionNode = FALSE
	EndGlobalSection
	GlobalSection(ExtensibilityGlobals) = postSolution
		SolutionGuid = {503178A5-97AB-42A4-9253-C17DB6826366}
	EndGlobalSection
EndGlobal
